
Microsoft Visual Studio Solution File, Format Version 12.00
# Visual Studio 15
VisualStudioVersion = 15.0.26228.9
MinimumVisualStudioVersion = 10.0.40219.1
Project("{FAE04EC0-301F-11D3-BF4B-00C04F79EFBC}") = "PCRemoter.Android", "PCRemoter\PCRemoter.Android\PCRemoter.Android.csproj", "{42A806D5-46FD-4EBB-A44C-E929050D958A}"
EndProject
Project("{FAE04EC0-301F-11D3-BF4B-00C04F79EFBC}") = "PCRemoter", "PCRemoter\PCRemoter\PCRemoter.csproj", "{FDEC120B-1120-4132-8AFE-5B37819CFDCA}"
EndProject
Project("{FAE04EC0-301F-11D3-BF4B-00C04F79EFBC}") = "PCRemoter.UWP", "PCRemoter\PCRemoter.UWP\PCRemoter.UWP.csproj", "{BFD65164-9DA2-45F1-92AD-66C992D66258}"
EndProject
Project("{FAE04EC0-301F-11D3-BF4B-00C04F79EFBC}") = "PCRemoter.iOS", "PCRemoter\PCRemoter.iOS\PCRemoter.iOS.csproj", "{54E247E2-844C-438A-BBFA-CF195218777A}"
EndProject
Project("{FAE04EC0-301F-11D3-BF4B-00C04F79EFBC}") = "PCRemoter.Server", "PCRemoter.Server\PCRemoter.Server.csproj", "{CE6D50B7-2DFA-4043-9572-FFFF9B10B31E}"
EndProject
Global
	GlobalSection(SolutionConfigurationPlatforms) = preSolution
		Ad-Hoc|Any CPU = Ad-Hoc|Any CPU
		Ad-Hoc|ARM = Ad-Hoc|ARM
		Ad-Hoc|iPhone = Ad-Hoc|iPhone
		Ad-Hoc|iPhoneSimulator = Ad-Hoc|iPhoneSimulator
		Ad-Hoc|x64 = Ad-Hoc|x64
		Ad-Hoc|x86 = Ad-Hoc|x86
		AppStore|Any CPU = AppStore|Any CPU
		AppStore|ARM = AppStore|ARM
		AppStore|iPhone = AppStore|iPhone
		AppStore|iPhoneSimulator = AppStore|iPhoneSimulator
		AppStore|x64 = AppStore|x64
		AppStore|x86 = AppStore|x86
		Debug|Any CPU = Debug|Any CPU
		Debug|ARM = Debug|ARM
		Debug|iPhone = Debug|iPhone
		Debug|iPhoneSimulator = Debug|iPhoneSimulator
		Debug|x64 = Debug|x64
		Debug|x86 = Debug|x86
		Release|Any CPU = Release|Any CPU
		Release|ARM = Release|ARM
		Release|iPhone = Release|iPhone
		Release|iPhoneSimulator = Release|iPhoneSimulator
		Release|x64 = Release|x64
		Release|x86 = Release|x86
	EndGlobalSection
	GlobalSection(ProjectConfigurationPlatforms) = postSolution
		{42A806D5-46FD-4EBB-A44C-E929050D958A}.Ad-Hoc|Any CPU.ActiveCfg = Release|Any CPU
		{42A806D5-46FD-4EBB-A44C-E929050D958A}.Ad-Hoc|Any CPU.Build.0 = Release|Any CPU
		{42A806D5-46FD-4EBB-A44C-E929050D958A}.Ad-Hoc|Any CPU.Deploy.0 = Release|Any CPU
		{42A806D5-46FD-4EBB-A44C-E929050D958A}.Ad-Hoc|ARM.ActiveCfg = Release|Any CPU
		{42A806D5-46FD-4EBB-A44C-E929050D958A}.Ad-Hoc|ARM.Build.0 = Release|Any CPU
		{42A806D5-46FD-4EBB-A44C-E929050D958A}.Ad-Hoc|ARM.Deploy.0 = Release|Any CPU
		{42A806D5-46FD-4EBB-A44C-E929050D958A}.Ad-Hoc|iPhone.ActiveCfg = Release|Any CPU
		{42A806D5-46FD-4EBB-A44C-E929050D958A}.Ad-Hoc|iPhone.Build.0 = Release|Any CPU
		{42A806D5-46FD-4EBB-A44C-E929050D958A}.Ad-Hoc|iPhone.Deploy.0 = Release|Any CPU
		{42A806D5-46FD-4EBB-A44C-E929050D958A}.Ad-Hoc|iPhoneSimulator.ActiveCfg = Release|Any CPU
		{42A806D5-46FD-4EBB-A44C-E929050D958A}.Ad-Hoc|iPhoneSimulator.Build.0 = Release|Any CPU
		{42A806D5-46FD-4EBB-A44C-E929050D958A}.Ad-Hoc|iPhoneSimulator.Deploy.0 = Release|Any CPU
		{42A806D5-46FD-4EBB-A44C-E929050D958A}.Ad-Hoc|x64.ActiveCfg = Release|Any CPU
		{42A806D5-46FD-4EBB-A44C-E929050D958A}.Ad-Hoc|x64.Build.0 = Release|Any CPU
		{42A806D5-46FD-4EBB-A44C-E929050D958A}.Ad-Hoc|x64.Deploy.0 = Release|Any CPU
		{42A806D5-46FD-4EBB-A44C-E929050D958A}.Ad-Hoc|x86.ActiveCfg = Release|Any CPU
		{42A806D5-46FD-4EBB-A44C-E929050D958A}.Ad-Hoc|x86.Build.0 = Release|Any CPU
		{42A806D5-46FD-4EBB-A44C-E929050D958A}.Ad-Hoc|x86.Deploy.0 = Release|Any CPU
		{42A806D5-46FD-4EBB-A44C-E929050D958A}.AppStore|Any CPU.ActiveCfg = Release|Any CPU
		{42A806D5-46FD-4EBB-A44C-E929050D958A}.AppStore|Any CPU.Build.0 = Release|Any CPU
		{42A806D5-46FD-4EBB-A44C-E929050D958A}.AppStore|Any CPU.Deploy.0 = Release|Any CPU
		{42A806D5-46FD-4EBB-A44C-E929050D958A}.AppStore|ARM.ActiveCfg = Release|Any CPU
		{42A806D5-46FD-4EBB-A44C-E929050D958A}.AppStore|ARM.Build.0 = Release|Any CPU
		{42A806D5-46FD-4EBB-A44C-E929050D958A}.AppStore|ARM.Deploy.0 = Release|Any CPU
		{42A806D5-46FD-4EBB-A44C-E929050D958A}.AppStore|iPhone.ActiveCfg = Release|Any CPU
		{42A806D5-46FD-4EBB-A44C-E929050D958A}.AppStore|iPhone.Build.0 = Release|Any CPU
		{42A806D5-46FD-4EBB-A44C-E929050D958A}.AppStore|iPhone.Deploy.0 = Release|Any CPU
		{42A806D5-46FD-4EBB-A44C-E929050D958A}.AppStore|iPhoneSimulator.ActiveCfg = Release|Any CPU
		{42A806D5-46FD-4EBB-A44C-E929050D958A}.AppStore|iPhoneSimulator.Build.0 = Release|Any CPU
		{42A806D5-46FD-4EBB-A44C-E929050D958A}.AppStore|iPhoneSimulator.Deploy.0 = Release|Any CPU
		{42A806D5-46FD-4EBB-A44C-E929050D958A}.AppStore|x64.ActiveCfg = Release|Any CPU
		{42A806D5-46FD-4EBB-A44C-E929050D958A}.AppStore|x64.Build.0 = Release|Any CPU
		{42A806D5-46FD-4EBB-A44C-E929050D958A}.AppStore|x64.Deploy.0 = Release|Any CPU
		{42A806D5-46FD-4EBB-A44C-E929050D958A}.AppStore|x86.ActiveCfg = Release|Any CPU
		{42A806D5-46FD-4EBB-A44C-E929050D958A}.AppStore|x86.Build.0 = Release|Any CPU
		{42A806D5-46FD-4EBB-A44C-E929050D958A}.AppStore|x86.Deploy.0 = Release|Any CPU
		{42A806D5-46FD-4EBB-A44C-E929050D958A}.Debug|Any CPU.ActiveCfg = Debug|Any CPU
		{42A806D5-46FD-4EBB-A44C-E929050D958A}.Debug|Any CPU.Build.0 = Debug|Any CPU
		{42A806D5-46FD-4EBB-A44C-E929050D958A}.Debug|Any CPU.Deploy.0 = Debug|Any CPU
		{42A806D5-46FD-4EBB-A44C-E929050D958A}.Debug|ARM.ActiveCfg = Debug|Any CPU
		{42A806D5-46FD-4EBB-A44C-E929050D958A}.Debug|ARM.Build.0 = Debug|Any CPU
		{42A806D5-46FD-4EBB-A44C-E929050D958A}.Debug|ARM.Deploy.0 = Debug|Any CPU
		{42A806D5-46FD-4EBB-A44C-E929050D958A}.Debug|iPhone.ActiveCfg = Debug|Any CPU
		{42A806D5-46FD-4EBB-A44C-E929050D958A}.Debug|iPhone.Build.0 = Debug|Any CPU
		{42A806D5-46FD-4EBB-A44C-E929050D958A}.Debug|iPhone.Deploy.0 = Debug|Any CPU
		{42A806D5-46FD-4EBB-A44C-E929050D958A}.Debug|iPhoneSimulator.ActiveCfg = Debug|Any CPU
		{42A806D5-46FD-4EBB-A44C-E929050D958A}.Debug|iPhoneSimulator.Build.0 = Debug|Any CPU
		{42A806D5-46FD-4EBB-A44C-E929050D958A}.Debug|iPhoneSimulator.Deploy.0 = Debug|Any CPU
		{42A806D5-46FD-4EBB-A44C-E929050D958A}.Debug|x64.ActiveCfg = Debug|Any CPU
		{42A806D5-46FD-4EBB-A44C-E929050D958A}.Debug|x64.Build.0 = Debug|Any CPU
		{42A806D5-46FD-4EBB-A44C-E929050D958A}.Debug|x64.Deploy.0 = Debug|Any CPU
		{42A806D5-46FD-4EBB-A44C-E929050D958A}.Debug|x86.ActiveCfg = Debug|Any CPU
		{42A806D5-46FD-4EBB-A44C-E929050D958A}.Debug|x86.Build.0 = Debug|Any CPU
		{42A806D5-46FD-4EBB-A44C-E929050D958A}.Debug|x86.Deploy.0 = Debug|Any CPU
		{42A806D5-46FD-4EBB-A44C-E929050D958A}.Release|Any CPU.ActiveCfg = Release|Any CPU
		{42A806D5-46FD-4EBB-A44C-E929050D958A}.Release|Any CPU.Build.0 = Release|Any CPU
		{42A806D5-46FD-4EBB-A44C-E929050D958A}.Release|Any CPU.Deploy.0 = Release|Any CPU
		{42A806D5-46FD-4EBB-A44C-E929050D958A}.Release|ARM.ActiveCfg = Release|Any CPU
		{42A806D5-46FD-4EBB-A44C-E929050D958A}.Release|ARM.Build.0 = Release|Any CPU
		{42A806D5-46FD-4EBB-A44C-E929050D958A}.Release|ARM.Deploy.0 = Release|Any CPU
		{42A806D5-46FD-4EBB-A44C-E929050D958A}.Release|iPhone.ActiveCfg = Release|Any CPU
		{42A806D5-46FD-4EBB-A44C-E929050D958A}.Release|iPhone.Build.0 = Release|Any CPU
		{42A806D5-46FD-4EBB-A44C-E929050D958A}.Release|iPhone.Deploy.0 = Release|Any CPU
		{42A806D5-46FD-4EBB-A44C-E929050D958A}.Release|iPhoneSimulator.ActiveCfg = Release|Any CPU
		{42A806D5-46FD-4EBB-A44C-E929050D958A}.Release|iPhoneSimulator.Build.0 = Release|Any CPU
		{42A806D5-46FD-4EBB-A44C-E929050D958A}.Release|iPhoneSimulator.Deploy.0 = Release|Any CPU
		{42A806D5-46FD-4EBB-A44C-E929050D958A}.Release|x64.ActiveCfg = Release|Any CPU
		{42A806D5-46FD-4EBB-A44C-E929050D958A}.Release|x64.Build.0 = Release|Any CPU
		{42A806D5-46FD-4EBB-A44C-E929050D958A}.Release|x64.Deploy.0 = Release|Any CPU
		{42A806D5-46FD-4EBB-A44C-E929050D958A}.Release|x86.ActiveCfg = Release|Any CPU
		{42A806D5-46FD-4EBB-A44C-E929050D958A}.Release|x86.Build.0 = Release|Any CPU
		{42A806D5-46FD-4EBB-A44C-E929050D958A}.Release|x86.Deploy.0 = Release|Any CPU
		{FDEC120B-1120-4132-8AFE-5B37819CFDCA}.Ad-Hoc|Any CPU.ActiveCfg = Release|Any CPU
		{FDEC120B-1120-4132-8AFE-5B37819CFDCA}.Ad-Hoc|Any CPU.Build.0 = Release|Any CPU
		{FDEC120B-1120-4132-8AFE-5B37819CFDCA}.Ad-Hoc|ARM.ActiveCfg = Release|Any CPU
		{FDEC120B-1120-4132-8AFE-5B37819CFDCA}.Ad-Hoc|ARM.Build.0 = Release|Any CPU
		{FDEC120B-1120-4132-8AFE-5B37819CFDCA}.Ad-Hoc|iPhone.ActiveCfg = Release|Any CPU
		{FDEC120B-1120-4132-8AFE-5B37819CFDCA}.Ad-Hoc|iPhone.Build.0 = Release|Any CPU
		{FDEC120B-1120-4132-8AFE-5B37819CFDCA}.Ad-Hoc|iPhoneSimulator.ActiveCfg = Release|Any CPU
		{FDEC120B-1120-4132-8AFE-5B37819CFDCA}.Ad-Hoc|iPhoneSimulator.Build.0 = Release|Any CPU
		{FDEC120B-1120-4132-8AFE-5B37819CFDCA}.Ad-Hoc|x64.ActiveCfg = Release|Any CPU
		{FDEC120B-1120-4132-8AFE-5B37819CFDCA}.Ad-Hoc|x64.Build.0 = Release|Any CPU
		{FDEC120B-1120-4132-8AFE-5B37819CFDCA}.Ad-Hoc|x86.ActiveCfg = Release|Any CPU
		{FDEC120B-1120-4132-8AFE-5B37819CFDCA}.Ad-Hoc|x86.Build.0 = Release|Any CPU
		{FDEC120B-1120-4132-8AFE-5B37819CFDCA}.AppStore|Any CPU.ActiveCfg = Release|Any CPU
		{FDEC120B-1120-4132-8AFE-5B37819CFDCA}.AppStore|Any CPU.Build.0 = Release|Any CPU
		{FDEC120B-1120-4132-8AFE-5B37819CFDCA}.AppStore|ARM.ActiveCfg = Release|Any CPU
		{FDEC120B-1120-4132-8AFE-5B37819CFDCA}.AppStore|ARM.Build.0 = Release|Any CPU
		{FDEC120B-1120-4132-8AFE-5B37819CFDCA}.AppStore|iPhone.ActiveCfg = Release|Any CPU
		{FDEC120B-1120-4132-8AFE-5B37819CFDCA}.AppStore|iPhone.Build.0 = Release|Any CPU
		{FDEC120B-1120-4132-8AFE-5B37819CFDCA}.AppStore|iPhoneSimulator.ActiveCfg = Release|Any CPU
		{FDEC120B-1120-4132-8AFE-5B37819CFDCA}.AppStore|iPhoneSimulator.Build.0 = Release|Any CPU
		{FDEC120B-1120-4132-8AFE-5B37819CFDCA}.AppStore|x64.ActiveCfg = Release|Any CPU
		{FDEC120B-1120-4132-8AFE-5B37819CFDCA}.AppStore|x64.Build.0 = Release|Any CPU
		{FDEC120B-1120-4132-8AFE-5B37819CFDCA}.AppStore|x86.ActiveCfg = Release|Any CPU
		{FDEC120B-1120-4132-8AFE-5B37819CFDCA}.AppStore|x86.Build.0 = Release|Any CPU
		{FDEC120B-1120-4132-8AFE-5B37819CFDCA}.Debug|Any CPU.ActiveCfg = Debug|Any CPU
		{FDEC120B-1120-4132-8AFE-5B37819CFDCA}.Debug|Any CPU.Build.0 = Debug|Any CPU
		{FDEC120B-1120-4132-8AFE-5B37819CFDCA}.Debug|Any CPU.Deploy.0 = Debug|Any CPU
		{FDEC120B-1120-4132-8AFE-5B37819CFDCA}.Debug|ARM.ActiveCfg = Debug|Any CPU
		{FDEC120B-1120-4132-8AFE-5B37819CFDCA}.Debug|ARM.Build.0 = Debug|Any CPU
		{FDEC120B-1120-4132-8AFE-5B37819CFDCA}.Debug|iPhone.ActiveCfg = Debug|Any CPU
		{FDEC120B-1120-4132-8AFE-5B37819CFDCA}.Debug|iPhone.Build.0 = Debug|Any CPU
		{FDEC120B-1120-4132-8AFE-5B37819CFDCA}.Debug|iPhoneSimulator.ActiveCfg = Debug|Any CPU
		{FDEC120B-1120-4132-8AFE-5B37819CFDCA}.Debug|iPhoneSimulator.Build.0 = Debug|Any CPU
		{FDEC120B-1120-4132-8AFE-5B37819CFDCA}.Debug|x64.ActiveCfg = Debug|Any CPU
		{FDEC120B-1120-4132-8AFE-5B37819CFDCA}.Debug|x64.Build.0 = Debug|Any CPU
		{FDEC120B-1120-4132-8AFE-5B37819CFDCA}.Debug|x86.ActiveCfg = Debug|Any CPU
		{FDEC120B-1120-4132-8AFE-5B37819CFDCA}.Debug|x86.Build.0 = Debug|Any CPU
		{FDEC120B-1120-4132-8AFE-5B37819CFDCA}.Release|Any CPU.ActiveCfg = Release|Any CPU
		{FDEC120B-1120-4132-8AFE-5B37819CFDCA}.Release|Any CPU.Build.0 = Release|Any CPU
		{FDEC120B-1120-4132-8AFE-5B37819CFDCA}.Release|ARM.ActiveCfg = Release|Any CPU
		{FDEC120B-1120-4132-8AFE-5B37819CFDCA}.Release|ARM.Build.0 = Release|Any CPU
		{FDEC120B-1120-4132-8AFE-5B37819CFDCA}.Release|iPhone.ActiveCfg = Release|Any CPU
		{FDEC120B-1120-4132-8AFE-5B37819CFDCA}.Release|iPhone.Build.0 = Release|Any CPU
		{FDEC120B-1120-4132-8AFE-5B37819CFDCA}.Release|iPhoneSimulator.ActiveCfg = Release|Any CPU
		{FDEC120B-1120-4132-8AFE-5B37819CFDCA}.Release|iPhoneSimulator.Build.0 = Release|Any CPU
		{FDEC120B-1120-4132-8AFE-5B37819CFDCA}.Release|x64.ActiveCfg = Release|Any CPU
		{FDEC120B-1120-4132-8AFE-5B37819CFDCA}.Release|x64.Build.0 = Release|Any CPU
		{FDEC120B-1120-4132-8AFE-5B37819CFDCA}.Release|x86.ActiveCfg = Release|Any CPU
		{FDEC120B-1120-4132-8AFE-5B37819CFDCA}.Release|x86.Build.0 = Release|Any CPU
		{BFD65164-9DA2-45F1-92AD-66C992D66258}.Ad-Hoc|Any CPU.ActiveCfg = Release|x86
		{BFD65164-9DA2-45F1-92AD-66C992D66258}.Ad-Hoc|Any CPU.Build.0 = Release|x86
		{BFD65164-9DA2-45F1-92AD-66C992D66258}.Ad-Hoc|Any CPU.Deploy.0 = Release|x86
		{BFD65164-9DA2-45F1-92AD-66C992D66258}.Ad-Hoc|ARM.ActiveCfg = Release|ARM
		{BFD65164-9DA2-45F1-92AD-66C992D66258}.Ad-Hoc|ARM.Build.0 = Release|ARM
		{BFD65164-9DA2-45F1-92AD-66C992D66258}.Ad-Hoc|ARM.Deploy.0 = Release|ARM
		{BFD65164-9DA2-45F1-92AD-66C992D66258}.Ad-Hoc|iPhone.ActiveCfg = Release|x86
		{BFD65164-9DA2-45F1-92AD-66C992D66258}.Ad-Hoc|iPhone.Build.0 = Release|x86
		{BFD65164-9DA2-45F1-92AD-66C992D66258}.Ad-Hoc|iPhone.Deploy.0 = Release|x86
		{BFD65164-9DA2-45F1-92AD-66C992D66258}.Ad-Hoc|iPhoneSimulator.ActiveCfg = Release|x86
		{BFD65164-9DA2-45F1-92AD-66C992D66258}.Ad-Hoc|iPhoneSimulator.Build.0 = Release|x86
		{BFD65164-9DA2-45F1-92AD-66C992D66258}.Ad-Hoc|iPhoneSimulator.Deploy.0 = Release|x86
		{BFD65164-9DA2-45F1-92AD-66C992D66258}.Ad-Hoc|x64.ActiveCfg = Release|x64
		{BFD65164-9DA2-45F1-92AD-66C992D66258}.Ad-Hoc|x64.Build.0 = Release|x64
		{BFD65164-9DA2-45F1-92AD-66C992D66258}.Ad-Hoc|x64.Deploy.0 = Release|x64
		{BFD65164-9DA2-45F1-92AD-66C992D66258}.Ad-Hoc|x86.ActiveCfg = Release|x86
		{BFD65164-9DA2-45F1-92AD-66C992D66258}.Ad-Hoc|x86.Build.0 = Release|x86
		{BFD65164-9DA2-45F1-92AD-66C992D66258}.Ad-Hoc|x86.Deploy.0 = Release|x86
		{BFD65164-9DA2-45F1-92AD-66C992D66258}.AppStore|Any CPU.ActiveCfg = Release|x86
		{BFD65164-9DA2-45F1-92AD-66C992D66258}.AppStore|Any CPU.Build.0 = Release|x86
		{BFD65164-9DA2-45F1-92AD-66C992D66258}.AppStore|Any CPU.Deploy.0 = Release|x86
		{BFD65164-9DA2-45F1-92AD-66C992D66258}.AppStore|ARM.ActiveCfg = Release|ARM
		{BFD65164-9DA2-45F1-92AD-66C992D66258}.AppStore|ARM.Build.0 = Release|ARM
		{BFD65164-9DA2-45F1-92AD-66C992D66258}.AppStore|ARM.Deploy.0 = Release|ARM
		{BFD65164-9DA2-45F1-92AD-66C992D66258}.AppStore|iPhone.ActiveCfg = Release|x86
		{BFD65164-9DA2-45F1-92AD-66C992D66258}.AppStore|iPhone.Build.0 = Release|x86
		{BFD65164-9DA2-45F1-92AD-66C992D66258}.AppStore|iPhone.Deploy.0 = Release|x86
		{BFD65164-9DA2-45F1-92AD-66C992D66258}.AppStore|iPhoneSimulator.ActiveCfg = Release|x86
		{BFD65164-9DA2-45F1-92AD-66C992D66258}.AppStore|iPhoneSimulator.Build.0 = Release|x86
		{BFD65164-9DA2-45F1-92AD-66C992D66258}.AppStore|iPhoneSimulator.Deploy.0 = Release|x86
		{BFD65164-9DA2-45F1-92AD-66C992D66258}.AppStore|x64.ActiveCfg = Release|x64
		{BFD65164-9DA2-45F1-92AD-66C992D66258}.AppStore|x64.Build.0 = Release|x64
		{BFD65164-9DA2-45F1-92AD-66C992D66258}.AppStore|x64.Deploy.0 = Release|x64
		{BFD65164-9DA2-45F1-92AD-66C992D66258}.AppStore|x86.ActiveCfg = Release|x86
		{BFD65164-9DA2-45F1-92AD-66C992D66258}.AppStore|x86.Build.0 = Release|x86
		{BFD65164-9DA2-45F1-92AD-66C992D66258}.AppStore|x86.Deploy.0 = Release|x86
		{BFD65164-9DA2-45F1-92AD-66C992D66258}.Debug|Any CPU.ActiveCfg = Debug|x86
		{BFD65164-9DA2-45F1-92AD-66C992D66258}.Debug|Any CPU.Build.0 = Debug|x86
		{BFD65164-9DA2-45F1-92AD-66C992D66258}.Debug|Any CPU.Deploy.0 = Debug|x86
		{BFD65164-9DA2-45F1-92AD-66C992D66258}.Debug|ARM.ActiveCfg = Debug|ARM
		{BFD65164-9DA2-45F1-92AD-66C992D66258}.Debug|ARM.Build.0 = Debug|ARM
		{BFD65164-9DA2-45F1-92AD-66C992D66258}.Debug|ARM.Deploy.0 = Debug|ARM
		{BFD65164-9DA2-45F1-92AD-66C992D66258}.Debug|iPhone.ActiveCfg = Debug|x86
		{BFD65164-9DA2-45F1-92AD-66C992D66258}.Debug|iPhoneSimulator.ActiveCfg = Debug|x86
		{BFD65164-9DA2-45F1-92AD-66C992D66258}.Debug|x64.ActiveCfg = Debug|x64
		{BFD65164-9DA2-45F1-92AD-66C992D66258}.Debug|x64.Build.0 = Debug|x64
		{BFD65164-9DA2-45F1-92AD-66C992D66258}.Debug|x64.Deploy.0 = Debug|x64
		{BFD65164-9DA2-45F1-92AD-66C992D66258}.Debug|x86.ActiveCfg = Debug|x86
		{BFD65164-9DA2-45F1-92AD-66C992D66258}.Debug|x86.Build.0 = Debug|x86
		{BFD65164-9DA2-45F1-92AD-66C992D66258}.Debug|x86.Deploy.0 = Debug|x86
		{BFD65164-9DA2-45F1-92AD-66C992D66258}.Release|Any CPU.ActiveCfg = Release|x86
		{BFD65164-9DA2-45F1-92AD-66C992D66258}.Release|ARM.ActiveCfg = Release|ARM
		{BFD65164-9DA2-45F1-92AD-66C992D66258}.Release|ARM.Build.0 = Release|ARM
		{BFD65164-9DA2-45F1-92AD-66C992D66258}.Release|ARM.Deploy.0 = Release|ARM
		{BFD65164-9DA2-45F1-92AD-66C992D66258}.Release|iPhone.ActiveCfg = Release|x86
		{BFD65164-9DA2-45F1-92AD-66C992D66258}.Release|iPhoneSimulator.ActiveCfg = Release|x86
		{BFD65164-9DA2-45F1-92AD-66C992D66258}.Release|x64.ActiveCfg = Release|x64
		{BFD65164-9DA2-45F1-92AD-66C992D66258}.Release|x64.Build.0 = Release|x64
		{BFD65164-9DA2-45F1-92AD-66C992D66258}.Release|x64.Deploy.0 = Release|x64
		{BFD65164-9DA2-45F1-92AD-66C992D66258}.Release|x86.ActiveCfg = Release|x86
		{BFD65164-9DA2-45F1-92AD-66C992D66258}.Release|x86.Build.0 = Release|x86
		{BFD65164-9DA2-45F1-92AD-66C992D66258}.Release|x86.Deploy.0 = Release|x86
		{54E247E2-844C-438A-BBFA-CF195218777A}.Ad-Hoc|Any CPU.ActiveCfg = Ad-Hoc|iPhone
		{54E247E2-844C-438A-BBFA-CF195218777A}.Ad-Hoc|ARM.ActiveCfg = Ad-Hoc|iPhone
		{54E247E2-844C-438A-BBFA-CF195218777A}.Ad-Hoc|iPhone.ActiveCfg = Ad-Hoc|iPhone
		{54E247E2-844C-438A-BBFA-CF195218777A}.Ad-Hoc|iPhone.Build.0 = Ad-Hoc|iPhone
		{54E247E2-844C-438A-BBFA-CF195218777A}.Ad-Hoc|iPhoneSimulator.ActiveCfg = Ad-Hoc|iPhoneSimulator
		{54E247E2-844C-438A-BBFA-CF195218777A}.Ad-Hoc|iPhoneSimulator.Build.0 = Ad-Hoc|iPhoneSimulator
		{54E247E2-844C-438A-BBFA-CF195218777A}.Ad-Hoc|x64.ActiveCfg = Ad-Hoc|iPhone
		{54E247E2-844C-438A-BBFA-CF195218777A}.Ad-Hoc|x86.ActiveCfg = Ad-Hoc|iPhone
		{54E247E2-844C-438A-BBFA-CF195218777A}.AppStore|Any CPU.ActiveCfg = AppStore|iPhone
		{54E247E2-844C-438A-BBFA-CF195218777A}.AppStore|ARM.ActiveCfg = AppStore|iPhone
		{54E247E2-844C-438A-BBFA-CF195218777A}.AppStore|iPhone.ActiveCfg = AppStore|iPhone
		{54E247E2-844C-438A-BBFA-CF195218777A}.AppStore|iPhone.Build.0 = AppStore|iPhone
		{54E247E2-844C-438A-BBFA-CF195218777A}.AppStore|iPhoneSimulator.ActiveCfg = AppStore|iPhoneSimulator
		{54E247E2-844C-438A-BBFA-CF195218777A}.AppStore|iPhoneSimulator.Build.0 = AppStore|iPhoneSimulator
		{54E247E2-844C-438A-BBFA-CF195218777A}.AppStore|x64.ActiveCfg = AppStore|iPhone
		{54E247E2-844C-438A-BBFA-CF195218777A}.AppStore|x86.ActiveCfg = AppStore|iPhone
		{54E247E2-844C-438A-BBFA-CF195218777A}.Debug|Any CPU.ActiveCfg = Debug|iPhone
		{54E247E2-844C-438A-BBFA-CF195218777A}.Debug|ARM.ActiveCfg = Debug|iPhone
		{54E247E2-844C-438A-BBFA-CF195218777A}.Debug|iPhone.ActiveCfg = Debug|iPhone
		{54E247E2-844C-438A-BBFA-CF195218777A}.Debug|iPhone.Build.0 = Debug|iPhone
		{54E247E2-844C-438A-BBFA-CF195218777A}.Debug|iPhoneSimulator.ActiveCfg = Debug|iPhoneSimulator
		{54E247E2-844C-438A-BBFA-CF195218777A}.Debug|iPhoneSimulator.Build.0 = Debug|iPhoneSimulator
		{54E247E2-844C-438A-BBFA-CF195218777A}.Debug|x64.ActiveCfg = Debug|iPhone
		{54E247E2-844C-438A-BBFA-CF195218777A}.Debug|x86.ActiveCfg = Debug|iPhone
		{54E247E2-844C-438A-BBFA-CF195218777A}.Release|Any CPU.ActiveCfg = Release|iPhone
		{54E247E2-844C-438A-BBFA-CF195218777A}.Release|ARM.ActiveCfg = Release|iPhone
		{54E247E2-844C-438A-BBFA-CF195218777A}.Release|iPhone.ActiveCfg = Release|iPhone
		{54E247E2-844C-438A-BBFA-CF195218777A}.Release|iPhone.Build.0 = Release|iPhone
		{54E247E2-844C-438A-BBFA-CF195218777A}.Release|iPhoneSimulator.ActiveCfg = Release|iPhoneSimulator
		{54E247E2-844C-438A-BBFA-CF195218777A}.Release|iPhoneSimulator.Build.0 = Release|iPhoneSimulator
		{54E247E2-844C-438A-BBFA-CF195218777A}.Release|x64.ActiveCfg = Release|iPhone
		{54E247E2-844C-438A-BBFA-CF195218777A}.Release|x86.ActiveCfg = Release|iPhone
		{CE6D50B7-2DFA-4043-9572-FFFF9B10B31E}.Ad-Hoc|Any CPU.ActiveCfg = Release|Any CPU
		{CE6D50B7-2DFA-4043-9572-FFFF9B10B31E}.Ad-Hoc|Any CPU.Build.0 = Release|Any CPU
		{CE6D50B7-2DFA-4043-9572-FFFF9B10B31E}.Ad-Hoc|ARM.ActiveCfg = Release|Any CPU
		{CE6D50B7-2DFA-4043-9572-FFFF9B10B31E}.Ad-Hoc|ARM.Build.0 = Release|Any CPU
		{CE6D50B7-2DFA-4043-9572-FFFF9B10B31E}.Ad-Hoc|iPhone.ActiveCfg = Release|Any CPU
		{CE6D50B7-2DFA-4043-9572-FFFF9B10B31E}.Ad-Hoc|iPhone.Build.0 = Release|Any CPU
		{CE6D50B7-2DFA-4043-9572-FFFF9B10B31E}.Ad-Hoc|iPhoneSimulator.ActiveCfg = Release|Any CPU
		{CE6D50B7-2DFA-4043-9572-FFFF9B10B31E}.Ad-Hoc|iPhoneSimulator.Build.0 = Release|Any CPU
		{CE6D50B7-2DFA-4043-9572-FFFF9B10B31E}.Ad-Hoc|x64.ActiveCfg = Release|Any CPU
		{CE6D50B7-2DFA-4043-9572-FFFF9B10B31E}.Ad-Hoc|x64.Build.0 = Release|Any CPU
		{CE6D50B7-2DFA-4043-9572-FFFF9B10B31E}.Ad-Hoc|x86.ActiveCfg = Release|Any CPU
		{CE6D50B7-2DFA-4043-9572-FFFF9B10B31E}.Ad-Hoc|x86.Build.0 = Release|Any CPU
		{CE6D50B7-2DFA-4043-9572-FFFF9B10B31E}.AppStore|Any CPU.ActiveCfg = Release|Any CPU
		{CE6D50B7-2DFA-4043-9572-FFFF9B10B31E}.AppStore|Any CPU.Build.0 = Release|Any CPU
		{CE6D50B7-2DFA-4043-9572-FFFF9B10B31E}.AppStore|ARM.ActiveCfg = Release|Any CPU
		{CE6D50B7-2DFA-4043-9572-FFFF9B10B31E}.AppStore|ARM.Build.0 = Release|Any CPU
		{CE6D50B7-2DFA-4043-9572-FFFF9B10B31E}.AppStore|iPhone.ActiveCfg = Release|Any CPU
		{CE6D50B7-2DFA-4043-9572-FFFF9B10B31E}.AppStore|iPhone.Build.0 = Release|Any CPU
		{CE6D50B7-2DFA-4043-9572-FFFF9B10B31E}.AppStore|iPhoneSimulator.ActiveCfg = Release|Any CPU
		{CE6D50B7-2DFA-4043-9572-FFFF9B10B31E}.AppStore|iPhoneSimulator.Build.0 = Release|Any CPU
		{CE6D50B7-2DFA-4043-9572-FFFF9B10B31E}.AppStore|x64.ActiveCfg = Release|Any CPU
		{CE6D50B7-2DFA-4043-9572-FFFF9B10B31E}.AppStore|x64.Build.0 = Release|Any CPU
		{CE6D50B7-2DFA-4043-9572-FFFF9B10B31E}.AppStore|x86.ActiveCfg = Release|Any CPU
		{CE6D50B7-2DFA-4043-9572-FFFF9B10B31E}.AppStore|x86.Build.0 = Release|Any CPU
		{CE6D50B7-2DFA-4043-9572-FFFF9B10B31E}.Debug|Any CPU.ActiveCfg = Debug|Any CPU
		{CE6D50B7-2DFA-4043-9572-FFFF9B10B31E}.Debug|Any CPU.Build.0 = Debug|Any CPU
		{CE6D50B7-2DFA-4043-9572-FFFF9B10B31E}.Debug|Any CPU.Deploy.0 = Debug|Any CPU
		{CE6D50B7-2DFA-4043-9572-FFFF9B10B31E}.Debug|ARM.ActiveCfg = Debug|Any CPU
		{CE6D50B7-2DFA-4043-9572-FFFF9B10B31E}.Debug|ARM.Build.0 = Debug|Any CPU
		{CE6D50B7-2DFA-4043-9572-FFFF9B10B31E}.Debug|iPhone.ActiveCfg = Debug|Any CPU
		{CE6D50B7-2DFA-4043-9572-FFFF9B10B31E}.Debug|iPhone.Build.0 = Debug|Any CPU
		{CE6D50B7-2DFA-4043-9572-FFFF9B10B31E}.Debug|iPhoneSimulator.ActiveCfg = Debug|Any CPU
		{CE6D50B7-2DFA-4043-9572-FFFF9B10B31E}.Debug|iPhoneSimulator.Build.0 = Debug|Any CPU
		{CE6D50B7-2DFA-4043-9572-FFFF9B10B31E}.Debug|x64.ActiveCfg = Debug|Any CPU
		{CE6D50B7-2DFA-4043-9572-FFFF9B10B31E}.Debug|x64.Build.0 = Debug|Any CPU
		{CE6D50B7-2DFA-4043-9572-FFFF9B10B31E}.Debug|x86.ActiveCfg = Debug|Any CPU
		{CE6D50B7-2DFA-4043-9572-FFFF9B10B31E}.Debug|x86.Build.0 = Debug|Any CPU
		{CE6D50B7-2DFA-4043-9572-FFFF9B10B31E}.Release|Any CPU.ActiveCfg = Release|Any CPU
		{CE6D50B7-2DFA-4043-9572-FFFF9B10B31E}.Release|Any CPU.Build.0 = Release|Any CPU
		{CE6D50B7-2DFA-4043-9572-FFFF9B10B31E}.Release|ARM.ActiveCfg = Release|Any CPU
		{CE6D50B7-2DFA-4043-9572-FFFF9B10B31E}.Release|ARM.Build.0 = Release|Any CPU
		{CE6D50B7-2DFA-4043-9572-FFFF9B10B31E}.Release|iPhone.ActiveCfg = Release|Any CPU
		{CE6D50B7-2DFA-4043-9572-FFFF9B10B31E}.Release|iPhone.Build.0 = Release|Any CPU
		{CE6D50B7-2DFA-4043-9572-FFFF9B10B31E}.Release|iPhoneSimulator.ActiveCfg = Release|Any CPU
		{CE6D50B7-2DFA-4043-9572-FFFF9B10B31E}.Release|iPhoneSimulator.Build.0 = Release|Any CPU
		{CE6D50B7-2DFA-4043-9572-FFFF9B10B31E}.Release|x64.ActiveCfg = Release|Any CPU
		{CE6D50B7-2DFA-4043-9572-FFFF9B10B31E}.Release|x64.Build.0 = Release|Any CPU
		{CE6D50B7-2DFA-4043-9572-FFFF9B10B31E}.Release|x86.ActiveCfg = Release|Any CPU
		{CE6D50B7-2DFA-4043-9572-FFFF9B10B31E}.Release|x86.Build.0 = Release|Any CPU
	EndGlobalSection
	GlobalSection(SolutionProperties) = preSolution
		HideSolutionNode = FALSE
	EndGlobalSection
EndGlobal
